
Microsoft Visual Studio Solution File, Format Version 12.00
# Visual Studio Version 17
VisualStudioVersion = 17.3.32929.385
MinimumVisualStudioVersion = 10.0.40219.1
Project("{FAE04EC0-301F-11D3-BF4B-00C04F79EFBC}") = "HelloWworld", "HelloWworld\HelloWworld.csproj", "{D777FBB7-DF0B-4228-9839-24E9E105C060}"
EndProject
Global
	GlobalSection(SolutionConfigurationPlatforms) = preSolution
		Debug|Any CPU = Debug|Any CPU
		Release|Any CPU = Release|Any CPU
	EndGlobalSection
	GlobalSection(ProjectConfigurationPlatforms) = postSolution
		{D777FBB7-DF0B-4228-9839-24E9E105C060}.Debug|Any CPU.ActiveCfg = Debug|Any CPU
		{D777FBB7-DF0B-4228-9839-24E9E105C060}.Debug|Any CPU.Build.0 = Debug|Any CPU
		{D777FBB7-DF0B-4228-9839-24E9E105C060}.Release|Any CPU.ActiveCfg = Release|Any CPU
		{D777FBB7-DF0B-4228-9839-24E9E105C060}.Release|Any CPU.Build.0 = Release|Any CPU
	EndGlobalSection
	GlobalSection(SolutionProperties) = preSolution
		HideSolutionNode = FALSE
	EndGlobalSection
	GlobalSection(ExtensibilityGlobals) = postSolution
		SolutionGuid = {5C54C40F-7495-49EA-BDB3-11CAA4878EC9}
	EndGlobalSection
EndGlobal
